{
  "name": "bass-arena",
  "version": "1.0.0",
  "lockfileVersion": 3,
  "requires": true,
  "packages": {
    "": {
      "name": "bass-arena",
      "version": "1.0.0",
      "type": "module",
      "license": "ISC",
      "dependencies": {
        "@emotion/react": "^11.14.0",
        "@emotion/styled": "^11.14.0",
        "@mui/icons-material": "^6.4.4",
        "@mui/material": "^6.4.4",
        "opensheetmusicdisplay": "^1.8.8",
        "react": "^19.0.0",
        "react-dom": "^19.0.0",
        "react-router-dom": "^7.1.0",
        "zustand": "^5.0.0"
      },
      "devDependencies": {
        "@types/react": "^19.0.0",
        "@types/react-dom": "^19.0.0",
        "typescript": "^5.7.0",
        "vite": "^6.0.0"
      }
    },
    "node_modules/@emotion/react": {
      "version": "11.14.0",
      "resolved": "https://registry.npmjs.org/@emotion/react/-/react-11.14.0.tgz",
      "integrity": "sha512-O000MLn9p9atPzXfI+Mvsh6pYInCunV/99fS+nndS3S8G4+jF0Pz5pE7T4mFq95C8JmUuU+t+7pP+P787/XGfA==",
      "dependencies": {
        "@babel/runtime": "^7.13.10",
        "@emotion/cache": "^11.11.0",
        "@emotion/serialize": "^1.3.3",
        "@emotion/use-insertion-effect": "^1.2.1",
        "@emotion/utils": "^1.4.2",
        "@emotion/weak-memoize": "^0.4.0",
        "hoist-non-react-statics": "^3.3.1"
      },
      "peerDependencies": {
        "react": ">=16.8.0"
      }
    },
    "node_modules/@emotion/styled": {
      "version": "11.14.0",
      "resolved": "https://registry.npmjs.org/@emotion/styled/-/styled-11.14.0.tgz",
      "integrity": "sha512-XpJsn97AN967q9mMeN6vS6GzXpSleS9ZonI06+vU3r8/m77U3m69Wf/OidS9nL4v2D/2S7p34n3q7383qP7w==",
      "dependencies": {
        "@babel/runtime": "^7.13.10",
        "@emotion/babel-plugin-check": "^11.11.0",
        "@emotion/cache": "^11.11.0",
        "@emotion/serialize": "^1.3.3",
        "@emotion/styled-base": "^11.14.0",
        "@emotion/utils": "^1.4.2"
      },
      "peerDependencies": {
        "@emotion/react": "^11.0.0-rc.0",
        "react": ">=16.8.0"
      }
    },
    "node_modules/@mui/material": {
      "version": "6.4.4",
      "resolved": "https://registry.npmjs.org/@mui/material/-/material-6.4.4.tgz",
      "integrity": "sha512-Y+2CgYpL2+E+E6x+E+5+E0+E/E+E/E/E/E/E/E/E/E/E/E/E/E/E/E/E/E/E/E/E/E/E/E/E/E/E/E/E/E/E/E/E/E/E/E/E",
      "dependencies": {
        "@babel/runtime": "^7.26.0",
        "@mui/core-utils": "^6.4.4",
        "@mui/system": "^6.4.4",
        "@mui/types": "^7.2.21",
        "@mui/utils": "^6.4.4",
        "@popperjs/core": "^2.11.8",
        "clsx": "^2.1.1",
        "prop-types": "^15.8.1",
        "react-is": "^19.0.0"
      }
    },
    "node_modules/react": {
      "version": "19.0.0",
      "resolved": "https://registry.npmjs.org/react/-/react-19.0.0.tgz",
      "integrity": "sha512-V8AVnmPIU9p7Wd+x7T5R5P8V3xWqP6r8xV8V6P0j7X7xW6S7m5V7V7V7V7V7V7V7V7V7V7V7V7V7V7V7V7V7V7V7V",
      "engines": {
        "node": ">=0.10.0"
      }
    },
    "node_modules/vite": {
      "version": "6.0.0",
      "resolved": "https://registry.npmjs.org/vite/-/vite-6.0.0.tgz",
      "integrity": "sha512-S+S1S1S1S1S1S1S1S1S1S1S1S1S1S1S1S1S1S1S1S1S1S1S1S1S1S1S1S1S1S1S1S1S1S1S1S1S1S1S1S1S1S1S1S1S1",
      "dev": true
    },
    "node_modules/typescript": {
      "version": "5.7.0",
      "resolved": "https://registry.npmjs.org/typescript/-/typescript-5.7.0.tgz",
      "integrity": "sha512-5vXvXvXvXvXvXvXvXvXvXvXvXvXvXvXvXvXvXvXvXvXvXvXvXvXvXvXvXvXvXvXvXvXvXvXvXvXvXvXvXvXvXvXvXvXv",
      "dev": true
    }
  }
}